// !$*UTF8*$!
{
	archiveVersion = 1;
	classes = {
	};
	objectVersion = 50;
	objects = {

/* Begin PBXBuildFile section */
		CFE70370261664C600A0C6CC /* AppDelegate.swift in Sources */ = {isa = PBXBuildFile; fileRef = CFE7036F261664C600A0C6CC /* AppDelegate.swift */; };
		CFE70372261664C600A0C6CC /* SceneDelegate.swift in Sources */ = {isa = PBXBuildFile; fileRef = CFE70371261664C600A0C6CC /* SceneDelegate.swift */; };
		CFE70374261664C600A0C6CC /* ViewController.swift in Sources */ = {isa = PBXBuildFile; fileRef = CFE70373261664C600A0C6CC /* ViewController.swift */; };
		CFE70377261664C600A0C6CC /* Main.storyboard in Resources */ = {isa = PBXBuildFile; fileRef = CFE70375261664C600A0C6CC /* Main.storyboard */; };
		CFE70379261664C700A0C6CC /* Assets.xcassets in Resources */ = {isa = PBXBuildFile; fileRef = CFE70378261664C700A0C6CC /* Assets.xcassets */; };
		CFE7037C261664C700A0C6CC /* LaunchScreen.storyboard in Resources */ = {isa = PBXBuildFile; fileRef = CFE7037A261664C700A0C6CC /* LaunchScreen.storyboard */; };
		CFE703842616658300A0C6CC /* ViewController2.swift in Sources */ = {isa = PBXBuildFile; fileRef = CFE703832616658300A0C6CC /* ViewController2.swift */; };
/* End PBXBuildFile section */

/* Begin PBXFileReference section */
		CFE7036C261664C600A0C6CC /* Deneme3.app */ = {isa = PBXFileReference; explicitFileType = wrapper.application; includeInIndex = 0; path = Deneme3.app; sourceTree = BUILT_PRODUCTS_DIR; };
		CFE7036F261664C600A0C6CC /* AppDelegate.swift */ = {isa = PBXFileReference; lastKnownFileType = sourcecode.swift; path = AppDelegate.swift; sourceTree = "<group>"; };
		CFE70371261664C600A0C6CC /* SceneDelegate.swift */ = {isa = PBXFileReference; lastKnownFileType = sourcecode.swift; path = SceneDelegate.swift; sourceTree = "<group>"; };
		CFE70373261664C600A0C6CC /* ViewController.swift */ = {isa = PBXFileReference; lastKnownFileType = sourcecode.swift; path = ViewController.swift; sourceTree = "<group>"; };
		CFE70376261664C600A0C6CC /* Base */ = {isa = PBXFileReference; lastKnownFileType = file.storyboard; name = Base; path = Base.lproj/Main.storyboard; sourceTree = "<group>"; };
		CFE70378261664C700A0C6CC /* Assets.xcassets */ = {isa = PBXFileReference; lastKnownFileType = folder.assetcatalog; path = Assets.xcassets; sourceTree = "<group>"; };
		CFE7037B261664C700A0C6CC /* Base */ = {isa = PBXFileReference; lastKnownFileType = file.storyboard; name = Base; path = Base.lproj/LaunchScreen.storyboard; sourceTree = "<group>"; };
		CFE7037D261664C700A0C6CC /* Info.plist */ = {isa = PBXFileReference; lastKnownFileType = text.plist.xml; path = Info.plist; sourceTree = "<group>"; };
		CFE703832616658300A0C6CC /* ViewController2.swift */ = {isa = PBXFileReference; lastKnownFileType = sourcecode.swift; path = ViewController2.swift; sourceTree = "<group>"; };
/* End PBXFileReference section */

/* Begin PBXFrameworksBuildPhase section */
		CFE70369261664C600A0C6CC /* Frameworks */ = {
			isa = PBXFrameworksBuildPhase;
			buildActionMask = 2147483647;
			files = (
			);
			runOnlyForDeploymentPostprocessing = 0;
		};
/* End PBXFrameworksBuildPhase section */

/* Begin PBXGroup section */
		CFE70363261664C600A0C6CC = {
			isa = PBXGroup;
			children = (
				CFE7036E261664C600A0C6CC /* Deneme3 */,
				CFE7036D261664C600A0C6CC /* Products */,
			);
			sourceTree = "<group>";
		};
		CFE7036D261664C600A0C6CC /* Products */ = {
			isa = PBXGroup;
			children = (
				CFE7036C261664C600A0C6CC /* Deneme3.app */,
			);
			name = Products;
			sourceTree = "<group>";
		};
		CFE7036E261664C600A0C6CC /* Deneme3 */ = {
			isa = PBXGroup;
			children = (
				CFE7036F261664C600A0C6CC /* AppDelegate.swift */,
				CFE70371261664C600A0C6CC /* SceneDelegate.swift */,
				CFE70373261664C600A0C6CC /* ViewController.swift */,
				CFE70375261664C600A0C6CC /* Main.storyboard */,
				CFE703832616658300A0C6CC /* ViewController2.swift */,
				CFE70378261664C700A0C6CC /* Assets.xcassets */,
				CFE7037A261664C700A0C6CC /* LaunchScreen.storyboard */,
				CFE7037D261664C700A0C6CC /* Info.plist */,
			);
			path = Deneme3;
			sourceTree = "<group>";
		};
/* End PBXGroup section */

/* Begin PBXNativeTarget section */
		CFE7036B261664C600A0C6CC /* Deneme3 */ = {
			isa = PBXNativeTarget;
			buildConfigurationList = CFE70380261664C700A0C6CC /* Build configuration list for PBXNativeTarget "Deneme3" */;
			buildPhases = (
				CFE70368261664C600A0C6CC /* Sources */,
				CFE70369261664C600A0C6CC /* Frameworks */,
				CFE7036A261664C600A0C6CC /* Resources */,
			);
			buildRules = (
			);
			dependencies = (
			);
			name = Deneme3;
			productName = Deneme3;
			productReference = CFE7036C261664C600A0C6CC /* Deneme3.app */;
			productType = "com.apple.product-type.application";
		};
/* End PBXNativeTarget section */

/* Begin PBXProject section */
		CFE70364261664C600A0C6CC /* Project object */ = {
			isa = PBXProject;
			attributes = {
				LastSwiftUpdateCheck = 1250;
				LastUpgradeCheck = 1250;
				TargetAttributes = {
					CFE7036B261664C600A0C6CC = {
						CreatedOnToolsVersion = 12.5;
					};
				};
			};
			buildConfigurationList = CFE70367261664C600A0C6CC /* Build configuration list for PBXProject "Deneme3" */;
			compatibilityVersion = "Xcode 9.3";
			developmentRegion = en;
			hasScannedForEncodings = 0;
			knownRegions = (
				en,
				Base,
			);
			mainGroup = CFE70363261664C600A0C6CC;
			productRefGroup = CFE7036D261664C600A0C6CC /* Products */;
			projectDirPath = "";
			projectRoot = "";
			targets = (
				CFE7036B261664C600A0C6CC /* Deneme3 */,
			);
		};
/* End PBXProject section */

/* Begin PBXResourcesBuildPhase section */
		CFE7036A261664C600A0C6CC /* Resources */ = {
			isa = PBXResourcesBuildPhase;
			buildActionMask = 2147483647;
			files = (
				CFE7037C261664C700A0C6CC /* LaunchScreen.storyboard in Resources */,
				CFE70379261664C700A0C6CC /* Assets.xcassets in Resources */,
				CFE70377261664C600A0C6CC /* Main.storyboard in Resources */,
			);
			runOnlyForDeploymentPostprocessing = 0;
		};
/* End PBXResourcesBuildPhase section */

/* Begin PBXSourcesBuildPhase section */
		CFE70368261664C600A0C6CC /* Sources */ = {
			isa = PBXSourcesBuildPhase;
			buildActionMask = 2147483647;
			files = (
				CFE70374261664C600A0C6CC /* ViewController.swift in Sources */,
				CFE703842616658300A0C6CC /* ViewController2.swift in Sources */,
				CFE70370261664C600A0C6CC /* AppDelegate.swift in Sources */,
				CFE70372261664C600A0C6CC /* SceneDelegate.swift in Sources */,
			);
			runOnlyForDeploymentPostprocessing = 0;
		};
/* End PBXSourcesBuildPhase section */

/* Begin PBXVariantGroup section */
		CFE70375261664C600A0C6CC /* Main.storyboard */ = {
			isa = PBXVariantGroup;
			children = (
				CFE70376261664C600A0C6CC /* Base */,
			);
			name = Main.storyboard;
			sourceTree = "<group>";
		};
		CFE7037A261664C700A0C6CC /* LaunchScreen.storyboard */ = {
			isa = PBXVariantGroup;
			children = (
				CFE7037B261664C700A0C6CC /* Base */,
			);
			name = LaunchScreen.storyboard;
			sourceTree = "<group>";
		};
/* End PBXVariantGroup section */

/* Begin XCBuildConfiguration section */
		CFE7037E261664C700A0C6CC /* Debug */ = {
			isa = XCBuildConfiguration;
			buildSettings = {
				ALWAYS_SEARCH_USER_PATHS = NO;
				CLANG_ANALYZER_NONNULL = YES;
				CLANG_ANALYZER_NUMBER_OBJECT_CONVERSION = YES_AGGRESSIVE;
				CLANG_CXX_LANGUAGE_STANDARD = "gnu++14";
				CLANG_CXX_LIBRARY = "libc++";
				CLANG_ENABLE_MODULES = YES;
				CLANG_ENABLE_OBJC_ARC = YES;
				CLANG_ENABLE_OBJC_WEAK = YES;
				CLANG_WARN_BLOCK_CAPTURE_AUTORELEASING = YES;
				CLANG_WARN_BOOL_CONVERSION = YES;
				CLANG_WARN_COMMA = YES;
				CLANG_WARN_CONSTANT_CONVERSION = YES;
				CLANG_WARN_DEPRECATED_OBJC_IMPLEMENTATIONS = YES;
				CLANG_WARN_DIRECT_OBJC_ISA_USAGE = YES_ERROR;
				CLANG_WARN_DOCUMENTATION_COMMENTS = YES;
				CLANG_WARN_EMPTY_BODY = YES;
				CLANG_WARN_ENUM_CONVERSION = YES;
				CLANG_WARN_INFINITE_RECURSION = YES;
				CLANG_WARN_INT_CONVERSION = YES;
				CLANG_WARN_NON_LITERAL_NULL_CONVERSION = YES;
				CLANG_WARN_OBJC_IMPLICIT_RETAIN_SELF = YES;
				CLANG_WARN_OBJC_LITERAL_CONVERSION = YES;
				CLANG_WARN_OBJC_ROOT_CLASS = YES_ERROR;
				CLANG_WARN_QUOTED_INCLUDE_IN_FRAMEWORK_HEADER = YES;
				CLANG_WARN_RANGE_LOOP_ANALYSIS = YES;
				CLANG_WARN_STRICT_PROTOTYPES = YES;
				CLANG_WARN_SUSPICIOUS_MOVE = YES;
				CLANG_WARN_UNGUARDED_AVAILABILITY = YES_AGGRESSIVE;
				CLANG_WARN_UNREACHABLE_CODE = YES;
				CLANG_WARN__DUPLICATE_METHOD_MATCH = YES;
				COPY_PHASE_STRIP = NO;
				DEBUG_INFORMATION_FORMAT = dwarf;
				ENABLE_STRICT_OBJC_MSGSEND = YES;
				ENABLE_TESTABILITY = YES;
				GCC_C_LANGUAGE_STANDARD = gnu11;
				GCC_DYNAMIC_NO_PIC = NO;
				GCC_NO_COMMON_BLOCKS = YES;
				GCC_OPTIMIZATION_LEVEL = 0;
				GCC_PREPROCESSOR_DEFINITIONS = (
					"DEBUG=1",
					"$(inherited)",
				);
				GCC_WARN_64_TO_32_BIT_CONVERSION = YES;
				GCC_WARN_ABOUT_RETURN_TYPE = YES_ERROR;
				GCC_WARN_UNDECLARED_SELECTOR = YES;
				GCC_WARN_UNINITIALIZED_AUTOS = YES_AGGRESSIVE;
				GCC_WARN_UNUSED_FUNCTION = YES;
				GCC_WARN_UNUSED_VARIABLE = YES;
				IPHONEOS_DEPLOYMENT_TARGET = 14.5;
				MTL_ENABLE_DEBUG_INFO = INCLUDE_SOURCE;
				MTL_FAST_MATH = YES;
				ONLY_ACTIVE_ARCH = YES;
				SDKROOT = iphoneos;
				SWIFT_ACTIVE_COMPILATION_CONDITIONS = DEBUG;
				SWIFT_OPTIMIZATION_LEVEL = "-Onone";
			};
			name = Debug;
		};
		CFE7037F261664C700A0C6CC /* Release */ = {
			isa = XCBuildConfiguration;
			buildSettings = {
				ALWAYS_SEARCH_USER_PATHS = NO;
				CLANG_ANALYZER_NONNULL = YES;
				CLANG_ANALYZER_NUMBER_OBJECT_CONVERSION = YES_AGGRESSIVE;
				CLANG_CXX_LANGUAGE_STANDARD = "gnu++14";
				CLANG_CXX_LIBRARY = "libc++";
				CLANG_ENABLE_MODULES = YES;
				CLANG_ENABLE_OBJC_ARC = YES;
				CLANG_ENABLE_OBJC_WEAK = YES;
				CLANG_WARN_BLOCK_CAPTURE_AUTORELEASING = YES;
				CLANG_WARN_BOOL_CONVERSION = YES;
				CLANG_WARN_COMMA = YES;
				CLANG_WARN_CONSTANT_CONVERSION = YES;
				CLANG_WARN_DEPRECATED_OBJC_IMPLEMENTATIONS = YES;
				CLANG_WARN_DIRECT_OBJC_ISA_USAGE = YES_ERROR;
				CLANG_WARN_DOCUMENTATION_COMMENTS = YES;
				CLANG_WARN_EMPTY_BODY = YES;
				CLANG_WARN_ENUM_CONVERSION = YES;
				CLANG_WARN_INFINITE_RECURSION = YES;
				CLANG_WARN_INT_CONVERSION = YES;
				CLANG_WARN_NON_LITERAL_NULL_CONVERSION = YES;
				CLANG_WARN_OBJC_IMPLICIT_RETAIN_SELF = YES;
				CLANG_WARN_OBJC_LITERAL_CONVERSION = YES;
				CLANG_WARN_OBJC_ROOT_CLASS = YES_ERROR;
				CLANG_WARN_QUOTED_INCLUDE_IN_FRAMEWORK_HEADER = YES;
				CLANG_WARN_RANGE_LOOP_ANALYSIS = YES;
				CLANG_WARN_STRICT_PROTOTYPES = YES;
				CLANG_WARN_SUSPICIOUS_MOVE = YES;
				CLANG_WARN_UNGUARDED_AVAILABILITY = YES_AGGRESSIVE;
				CLANG_WARN_UNREACHABLE_CODE = YES;
				CLANG_WARN__DUPLICATE_METHOD_MATCH = YES;
				COPY_PHASE_STRIP = NO;
				DEBUG_INFORMATION_FORMAT = "dwarf-with-dsym";
				ENABLE_NS_ASSERTIONS = NO;
				ENABLE_STRICT_OBJC_MSGSEND = YES;
				GCC_C_LANGUAGE_STANDARD = gnu11;
				GCC_NO_COMMON_BLOCKS = YES;
				GCC_WARN_64_TO_32_BIT_CONVERSION = YES;
				GCC_WARN_ABOUT_RETURN_TYPE = YES_ERROR;
				GCC_WARN_UNDECLARED_SELECTOR = YES;
				GCC_WARN_UNINITIALIZED_AUTOS = YES_AGGRESSIVE;
				GCC_WARN_UNUSED_FUNCTION = YES;
				GCC_WARN_UNUSED_VARIABLE = YES;
				IPHONEOS_DEPLOYMENT_TARGET = 14.5;
				MTL_ENABLE_DEBUG_INFO = NO;
				MTL_FAST_MATH = YES;
				SDKROOT = iphoneos;
				SWIFT_COMPILATION_MODE = wholemodule;
				SWIFT_OPTIMIZATION_LEVEL = "-O";
				VALIDATE_PRODUCT = YES;
			};
			name = Release;
		};
		CFE70381261664C700A0C6CC /* Debug */ = {
			isa = XCBuildConfiguration;
			buildSettings = {
				ASSETCATALOG_COMPILER_APPICON_NAME = AppIcon;
				ASSETCATALOG_COMPILER_GLOBAL_ACCENT_COLOR_NAME = AccentColor;
				CODE_SIGN_STYLE = Automatic;
				DEVELOPMENT_TEAM = 5PK8QPHVAN;
				INFOPLIST_FILE = Deneme3/Info.plist;
				LD_RUNPATH_SEARCH_PATHS = (
					"$(inherited)",
					"@executable_path/Frameworks",
				);
				PRODUCT_BUNDLE_IDENTIFIER = kaanyigit.Deneme3;
				PRODUCT_NAME = "$(TARGET_NAME)";
				SWIFT_VERSION = 5.0;
				TARGETED_DEVICE_FAMILY = "1,2";
			};
			name = Debug;
		};
		CFE70382261664C700A0C6CC /* Release */ = {
			isa = XCBuildConfiguration;
			buildSettings = {
				ASSETCATALOG_COMPILER_APPICON_NAME = AppIcon;
				ASSETCATALOG_COMPILER_GLOBAL_ACCENT_COLOR_NAME = AccentColor;
				CODE_SIGN_STYLE = Automatic;
				DEVELOPMENT_TEAM = 5PK8QPHVAN;
				INFOPLIST_FILE = Deneme3/Info.plist;
				LD_RUNPATH_SEARCH_PATHS = (
					"$(inherited)",
					"@executable_path/Frameworks",
				);
				PRODUCT_BUNDLE_IDENTIFIER = kaanyigit.Deneme3;
				PRODUCT_NAME = "$(TARGET_NAME)";
				SWIFT_VERSION = 5.0;
				TARGETED_DEVICE_FAMILY = "1,2";
			};
			name = Release;
		};
/* End XCBuildConfiguration section */

/* Begin XCConfigurationList section */
		CFE70367261664C600A0C6CC /* Build configuration list for PBXProject "Deneme3" */ = {
			isa = XCConfigurationList;
			buildConfigurations = (
				CFE7037E261664C700A0C6CC /* Debug */,
				CFE7037F261664C700A0C6CC /* Release */,
			);
			defaultConfigurationIsVisible = 0;
			defaultConfigurationName = Release;
		};
		CFE70380261664C700A0C6CC /* Build configuration list for PBXNativeTarget "Deneme3" */ = {
			isa = XCConfigurationList;
			buildConfigurations = (
				CFE70381261664C700A0C6CC /* Debug */,
				CFE70382261664C700A0C6CC /* Release */,
			);
			defaultConfigurationIsVisible = 0;
			defaultConfigurationName = Release;
		};
/* End XCConfigurationList section */
	};
	rootObject = CFE70364261664C600A0C6CC /* Project object */;
}
